
Microsoft Visual Studio Solution File, Format Version 12.00
# Visual Studio Version 16
VisualStudioVersion = 16.0.30204.135
MinimumVisualStudioVersion = 10.0.40219.1
Project("{9A19103F-16F7-4668-BE54-9A1E7A4F7556}") = "AzCloudApp.MessageProcessor.Core", "AzCloudApp.MessageProcessor.Core\AzCloudApp.MessageProcessor.Core.csproj", "{76F20513-7757-4C9C-B9D2-D141207BB94F}"
EndProject
Project("{9A19103F-16F7-4668-BE54-9A1E7A4F7556}") = "AzCloudApp.MessageProcessor.Core.MessageSenderFunction", "AzCloudApp.MessageProcessor.Core.MessageSenderFunction\AzCloudApp.MessageProcessor.Core.MessageSenderFunction.csproj", "{39BE510C-9A86-4CF2-9323-B6C1DEB49EEE}"
EndProject
Project("{9A19103F-16F7-4668-BE54-9A1E7A4F7556}") = "AzCloudApp.MessageProcessor.Core.Thermo.DataStore", "AzCloudApp.MessageProcessor.Core.Thermo.DataStore\AzCloudApp.MessageProcessor.Core.Thermo.DataStore.csproj", "{8F8FFEBE-4B65-4871-AA88-E53CB754B0F0}"
EndProject
Project("{9A19103F-16F7-4668-BE54-9A1E7A4F7556}") = "AzCloudApp.MessageProcessor.Core.ThermoDataModel", "AzCloudApp.MessageProcessor.Core.ThermoDataModel\AzCloudApp.MessageProcessor.Core.ThermoDataModel.csproj", "{73AE9A2C-EF6E-4DF3-B1C5-4363A8AF6EF3}"
EndProject
Project("{9A19103F-16F7-4668-BE54-9A1E7A4F7556}") = "AzCloudApp.MessageProcessor.Core.Unit.Tests", "AzCloudApp.MessageProcessor.Core.Unit.Tests\AzCloudApp.MessageProcessor.Core.Unit.Tests.csproj", "{83913A75-3B28-4E8E-B9C3-A5B3A3C09542}"
EndProject
Project("{9A19103F-16F7-4668-BE54-9A1E7A4F7556}") = "AzCloudApp.MessageProcessor.Function", "AzCloudApp.MessageProcessor.Function\AzCloudApp.MessageProcessor.Function.csproj", "{3D768A0A-121B-4A16-96C8-D9A3A300F433}"
EndProject
Project("{2150E333-8FDC-42A3-9474-1A3956D46DE8}") = "Solution Items", "Solution Items", "{89594E5D-E6E3-440A-A473-80505BC18241}"
	ProjectSection(SolutionItems) = preProject
		.editorconfig = .editorconfig
	EndProjectSection
EndProject
Project("{2150E333-8FDC-42A3-9474-1A3956D46DE8}") = "AzureFunction", "AzureFunction", "{2035DF36-2EED-4AD7-AF79-8083C037591A}"
EndProject
Project("{2150E333-8FDC-42A3-9474-1A3956D46DE8}") = "End-To-End-Test", "End-To-End-Test", "{F2559FEF-D8A1-4A65-BF8D-0535D091B91E}"
EndProject
Project("{FAE04EC0-301F-11D3-BF4B-00C04F79EFBC}") = "AzCloudApp.Notification.Function", "AzCloudApp.Notification.Function\AzCloudApp.Notification.Function.csproj", "{9F768F43-CE38-41F2-BE4C-94C7C1602650}"
EndProject
Global
	GlobalSection(SolutionConfigurationPlatforms) = preSolution
		Debug|Any CPU = Debug|Any CPU
		Release|Any CPU = Release|Any CPU
	EndGlobalSection
	GlobalSection(ProjectConfigurationPlatforms) = postSolution
		{76F20513-7757-4C9C-B9D2-D141207BB94F}.Debug|Any CPU.ActiveCfg = Debug|Any CPU
		{76F20513-7757-4C9C-B9D2-D141207BB94F}.Debug|Any CPU.Build.0 = Debug|Any CPU
		{76F20513-7757-4C9C-B9D2-D141207BB94F}.Release|Any CPU.ActiveCfg = Release|Any CPU
		{76F20513-7757-4C9C-B9D2-D141207BB94F}.Release|Any CPU.Build.0 = Release|Any CPU
		{39BE510C-9A86-4CF2-9323-B6C1DEB49EEE}.Debug|Any CPU.ActiveCfg = Debug|Any CPU
		{39BE510C-9A86-4CF2-9323-B6C1DEB49EEE}.Debug|Any CPU.Build.0 = Debug|Any CPU
		{39BE510C-9A86-4CF2-9323-B6C1DEB49EEE}.Release|Any CPU.ActiveCfg = Release|Any CPU
		{39BE510C-9A86-4CF2-9323-B6C1DEB49EEE}.Release|Any CPU.Build.0 = Release|Any CPU
		{8F8FFEBE-4B65-4871-AA88-E53CB754B0F0}.Debug|Any CPU.ActiveCfg = Debug|Any CPU
		{8F8FFEBE-4B65-4871-AA88-E53CB754B0F0}.Debug|Any CPU.Build.0 = Debug|Any CPU
		{8F8FFEBE-4B65-4871-AA88-E53CB754B0F0}.Release|Any CPU.ActiveCfg = Release|Any CPU
		{8F8FFEBE-4B65-4871-AA88-E53CB754B0F0}.Release|Any CPU.Build.0 = Release|Any CPU
		{73AE9A2C-EF6E-4DF3-B1C5-4363A8AF6EF3}.Debug|Any CPU.ActiveCfg = Debug|Any CPU
		{73AE9A2C-EF6E-4DF3-B1C5-4363A8AF6EF3}.Debug|Any CPU.Build.0 = Debug|Any CPU
		{73AE9A2C-EF6E-4DF3-B1C5-4363A8AF6EF3}.Release|Any CPU.ActiveCfg = Release|Any CPU
		{73AE9A2C-EF6E-4DF3-B1C5-4363A8AF6EF3}.Release|Any CPU.Build.0 = Release|Any CPU
		{83913A75-3B28-4E8E-B9C3-A5B3A3C09542}.Debug|Any CPU.ActiveCfg = Debug|Any CPU
		{83913A75-3B28-4E8E-B9C3-A5B3A3C09542}.Debug|Any CPU.Build.0 = Debug|Any CPU
		{83913A75-3B28-4E8E-B9C3-A5B3A3C09542}.Release|Any CPU.ActiveCfg = Release|Any CPU
		{83913A75-3B28-4E8E-B9C3-A5B3A3C09542}.Release|Any CPU.Build.0 = Release|Any CPU
		{3D768A0A-121B-4A16-96C8-D9A3A300F433}.Debug|Any CPU.ActiveCfg = Debug|Any CPU
		{3D768A0A-121B-4A16-96C8-D9A3A300F433}.Debug|Any CPU.Build.0 = Debug|Any CPU
		{3D768A0A-121B-4A16-96C8-D9A3A300F433}.Release|Any CPU.ActiveCfg = Release|Any CPU
		{3D768A0A-121B-4A16-96C8-D9A3A300F433}.Release|Any CPU.Build.0 = Release|Any CPU
		{9F768F43-CE38-41F2-BE4C-94C7C1602650}.Debug|Any CPU.ActiveCfg = Debug|Any CPU
		{9F768F43-CE38-41F2-BE4C-94C7C1602650}.Debug|Any CPU.Build.0 = Debug|Any CPU
		{9F768F43-CE38-41F2-BE4C-94C7C1602650}.Release|Any CPU.ActiveCfg = Release|Any CPU
		{9F768F43-CE38-41F2-BE4C-94C7C1602650}.Release|Any CPU.Build.0 = Release|Any CPU
	EndGlobalSection
	GlobalSection(SolutionProperties) = preSolution
		HideSolutionNode = FALSE
	EndGlobalSection
	GlobalSection(NestedProjects) = preSolution
		{39BE510C-9A86-4CF2-9323-B6C1DEB49EEE} = {F2559FEF-D8A1-4A65-BF8D-0535D091B91E}
		{3D768A0A-121B-4A16-96C8-D9A3A300F433} = {2035DF36-2EED-4AD7-AF79-8083C037591A}
		{F2559FEF-D8A1-4A65-BF8D-0535D091B91E} = {2035DF36-2EED-4AD7-AF79-8083C037591A}
		{9F768F43-CE38-41F2-BE4C-94C7C1602650} = {2035DF36-2EED-4AD7-AF79-8083C037591A}
	EndGlobalSection
	GlobalSection(ExtensibilityGlobals) = postSolution
		SolutionGuid = {5650CBF3-A0BE-42F7-92B5-3E95619B2871}
	EndGlobalSection
EndGlobal
