
Microsoft Visual Studio Solution File, Format Version 12.00
# Visual Studio Version 16
VisualStudioVersion = 16.0.30204.135
MinimumVisualStudioVersion = 10.0.40219.1
Project("{9A19103F-16F7-4668-BE54-9A1E7A4F7556}") = "AzCloudApp.MessageProcessor.Function", "PersonelTemperatureHandlingFunction\AzCloudApp.MessageProcessor.Function.csproj", "{AD7D3054-7D26-41B4-ADA0-01F4C67A74C0}"
EndProject
Project("{9A19103F-16F7-4668-BE54-9A1E7A4F7556}") = "AzCloudApp.MessageProcessor.Core", "ThemoDataMessageProcessor\AzCloudApp.MessageProcessor.Core.csproj", "{ADCC7FC7-7FD0-4442-B665-04383AC35394}"
EndProject
Project("{9A19103F-16F7-4668-BE54-9A1E7A4F7556}") = "AzCloudApp.MessageProcessor.Core.Unit.Tests", "ThermoDataMessageProcessor.Unit.Tests\AzCloudApp.MessageProcessor.Core.Unit.Tests.csproj", "{51CD9875-3461-4B45-9BA4-C60584356A0E}"
EndProject
Project("{9A19103F-16F7-4668-BE54-9A1E7A4F7556}") = "AzCloudApp.MessageProcessor.Core.ThermoDataModel", "ThermoDataModel\AzCloudApp.MessageProcessor.Core.ThermoDataModel.csproj", "{7384F270-7192-4EFD-90FC-78F617BCBB44}"
EndProject
Project("{9A19103F-16F7-4668-BE54-9A1E7A4F7556}") = "AzCloudApp.MessageProcessor.Core.Thermo.DataStore", "ThermoDataStore\AzCloudApp.MessageProcessor.Core.Thermo.DataStore.csproj", "{8D1736F9-3785-4DFE-9703-FD3461C80F4C}"
EndProject
Project("{9A19103F-16F7-4668-BE54-9A1E7A4F7556}") = "AzCloudApp.MessageProcessor.Core.MessageSenderFunction", "ThermoDataMessageSender\AzCloudApp.MessageProcessor.Core.MessageSenderFunction.csproj", "{78DE8B8D-5312-4072-860E-0F360CE5DBA3}"
EndProject
Global
	GlobalSection(SolutionConfigurationPlatforms) = preSolution
		Debug|Any CPU = Debug|Any CPU
		Release|Any CPU = Release|Any CPU
	EndGlobalSection
	GlobalSection(ProjectConfigurationPlatforms) = postSolution
		{AD7D3054-7D26-41B4-ADA0-01F4C67A74C0}.Debug|Any CPU.ActiveCfg = Debug|Any CPU
		{AD7D3054-7D26-41B4-ADA0-01F4C67A74C0}.Debug|Any CPU.Build.0 = Debug|Any CPU
		{AD7D3054-7D26-41B4-ADA0-01F4C67A74C0}.Release|Any CPU.ActiveCfg = Release|Any CPU
		{AD7D3054-7D26-41B4-ADA0-01F4C67A74C0}.Release|Any CPU.Build.0 = Release|Any CPU
		{ADCC7FC7-7FD0-4442-B665-04383AC35394}.Debug|Any CPU.ActiveCfg = Debug|Any CPU
		{ADCC7FC7-7FD0-4442-B665-04383AC35394}.Debug|Any CPU.Build.0 = Debug|Any CPU
		{ADCC7FC7-7FD0-4442-B665-04383AC35394}.Release|Any CPU.ActiveCfg = Release|Any CPU
		{ADCC7FC7-7FD0-4442-B665-04383AC35394}.Release|Any CPU.Build.0 = Release|Any CPU
		{51CD9875-3461-4B45-9BA4-C60584356A0E}.Debug|Any CPU.ActiveCfg = Debug|Any CPU
		{51CD9875-3461-4B45-9BA4-C60584356A0E}.Debug|Any CPU.Build.0 = Debug|Any CPU
		{51CD9875-3461-4B45-9BA4-C60584356A0E}.Release|Any CPU.ActiveCfg = Release|Any CPU
		{51CD9875-3461-4B45-9BA4-C60584356A0E}.Release|Any CPU.Build.0 = Release|Any CPU
		{7384F270-7192-4EFD-90FC-78F617BCBB44}.Debug|Any CPU.ActiveCfg = Debug|Any CPU
		{7384F270-7192-4EFD-90FC-78F617BCBB44}.Debug|Any CPU.Build.0 = Debug|Any CPU
		{7384F270-7192-4EFD-90FC-78F617BCBB44}.Release|Any CPU.ActiveCfg = Release|Any CPU
		{7384F270-7192-4EFD-90FC-78F617BCBB44}.Release|Any CPU.Build.0 = Release|Any CPU
		{8D1736F9-3785-4DFE-9703-FD3461C80F4C}.Debug|Any CPU.ActiveCfg = Debug|Any CPU
		{8D1736F9-3785-4DFE-9703-FD3461C80F4C}.Debug|Any CPU.Build.0 = Debug|Any CPU
		{8D1736F9-3785-4DFE-9703-FD3461C80F4C}.Release|Any CPU.ActiveCfg = Release|Any CPU
		{8D1736F9-3785-4DFE-9703-FD3461C80F4C}.Release|Any CPU.Build.0 = Release|Any CPU
		{78DE8B8D-5312-4072-860E-0F360CE5DBA3}.Debug|Any CPU.ActiveCfg = Debug|Any CPU
		{78DE8B8D-5312-4072-860E-0F360CE5DBA3}.Debug|Any CPU.Build.0 = Debug|Any CPU
		{78DE8B8D-5312-4072-860E-0F360CE5DBA3}.Release|Any CPU.ActiveCfg = Release|Any CPU
		{78DE8B8D-5312-4072-860E-0F360CE5DBA3}.Release|Any CPU.Build.0 = Release|Any CPU
	EndGlobalSection
	GlobalSection(SolutionProperties) = preSolution
		HideSolutionNode = FALSE
	EndGlobalSection
	GlobalSection(ExtensibilityGlobals) = postSolution
		SolutionGuid = {5650CBF3-A0BE-42F7-92B5-3E95619B2871}
	EndGlobalSection
EndGlobal
